
Microsoft Visual Studio Solution File, Format Version 12.00
# Visual Studio Version 17
VisualStudioVersion = 17.11.35327.3
MinimumVisualStudioVersion = 10.0.40219.1
Project("{FAE04EC0-301F-11D3-BF4B-00C04F79EFBC}") = "AbstractClass", "AbstractClass\AbstractClass.csproj", "{3C46B1E5-7882-4294-B1CF-818BDDAB5A0D}"
EndProject
Global
	GlobalSection(SolutionConfigurationPlatforms) = preSolution
		Debug|Any CPU = Debug|Any CPU
		Release|Any CPU = Release|Any CPU
	EndGlobalSection
	GlobalSection(ProjectConfigurationPlatforms) = postSolution
		{3C46B1E5-7882-4294-B1CF-818BDDAB5A0D}.Debug|Any CPU.ActiveCfg = Debug|Any CPU
		{3C46B1E5-7882-4294-B1CF-818BDDAB5A0D}.Debug|Any CPU.Build.0 = Debug|Any CPU
		{3C46B1E5-7882-4294-B1CF-818BDDAB5A0D}.Release|Any CPU.ActiveCfg = Release|Any CPU
		{3C46B1E5-7882-4294-B1CF-818BDDAB5A0D}.Release|Any CPU.Build.0 = Release|Any CPU
	EndGlobalSection
	GlobalSection(SolutionProperties) = preSolution
		HideSolutionNode = FALSE
	EndGlobalSection
	GlobalSection(ExtensibilityGlobals) = postSolution
		SolutionGuid = {29F0C080-82FF-41F6-AD8B-4C2763E5CE21}
	EndGlobalSection
EndGlobal
